
Microsoft Visual Studio Solution File, Format Version 12.00
# Visual Studio 15
VisualStudioVersion = 15.0.26730.15
MinimumVisualStudioVersion = 10.0.40219.1
Project("{FAE04EC0-301F-11D3-BF4B-00C04F79EFBC}") = "pruebavisual", "pruebavisual\pruebavisual.csproj", "{F1547876-C0F1-46C9-A313-7FDE5A22D66D}"
EndProject
Global
	GlobalSection(SolutionConfigurationPlatforms) = preSolution
		Debug|Any CPU = Debug|Any CPU
		Release|Any CPU = Release|Any CPU
	EndGlobalSection
	GlobalSection(ProjectConfigurationPlatforms) = postSolution
		{F1547876-C0F1-46C9-A313-7FDE5A22D66D}.Debug|Any CPU.ActiveCfg = Debug|Any CPU
		{F1547876-C0F1-46C9-A313-7FDE5A22D66D}.Debug|Any CPU.Build.0 = Debug|Any CPU
		{F1547876-C0F1-46C9-A313-7FDE5A22D66D}.Release|Any CPU.ActiveCfg = Release|Any CPU
		{F1547876-C0F1-46C9-A313-7FDE5A22D66D}.Release|Any CPU.Build.0 = Release|Any CPU
	EndGlobalSection
	GlobalSection(SolutionProperties) = preSolution
		HideSolutionNode = FALSE
	EndGlobalSection
	GlobalSection(ExtensibilityGlobals) = postSolution
		SolutionGuid = {DAD4E248-8E50-4EC8-BEB0-01C4D613E81C}
	EndGlobalSection
EndGlobal
